// !$*UTF8*$!
{
	archiveVersion = 1;
	classes = {
	};
	objectVersion = 46;
	objects = {

/* Begin PBXBuildFile section */
		9405DBDF1C150B500068713F /* GroupCellView.swift in Sources */ = {isa = PBXBuildFile; fileRef = 9405DBDE1C150B500068713F /* GroupCellView.swift */; };
		9405DBE11C1517420068713F /* PersonCellView.swift in Sources */ = {isa = PBXBuildFile; fileRef = 9405DBE01C1517420068713F /* PersonCellView.swift */; };
		9405DBE31C1517FA0068713F /* PeopleViewController.swift in Sources */ = {isa = PBXBuildFile; fileRef = 9405DBE21C1517FA0068713F /* PeopleViewController.swift */; };
		940EFC8D1C17F93F00B5A729 /* TempGroupViewController.swift in Sources */ = {isa = PBXBuildFile; fileRef = 940EFC8C1C17F93F00B5A729 /* TempGroupViewController.swift */; };
		94185FBF1C17FD340070DCD2 /* CustomGroupCellView.swift in Sources */ = {isa = PBXBuildFile; fileRef = 94185FBE1C17FD340070DCD2 /* CustomGroupCellView.swift */; };
		94202C901C1908E8008F76DA /* DataModel.swift in Sources */ = {isa = PBXBuildFile; fileRef = 94202C8F1C1908E8008F76DA /* DataModel.swift */; };
		94AA37461C0FC8DD00D6FAEB /* AppDelegate.swift in Sources */ = {isa = PBXBuildFile; fileRef = 94AA37451C0FC8DD00D6FAEB /* AppDelegate.swift */; };
		94AA37481C0FC8DD00D6FAEB /* MessagesViewController.swift in Sources */ = {isa = PBXBuildFile; fileRef = 94AA37471C0FC8DD00D6FAEB /* MessagesViewController.swift */; };
		94AA374A1C0FC8DD00D6FAEB /* GroupsViewController.swift in Sources */ = {isa = PBXBuildFile; fileRef = 94AA37491C0FC8DD00D6FAEB /* GroupsViewController.swift */; };
		94AA374D1C0FC8DD00D6FAEB /* Main.storyboard in Resources */ = {isa = PBXBuildFile; fileRef = 94AA374B1C0FC8DD00D6FAEB /* Main.storyboard */; };
		94AA374F1C0FC8DD00D6FAEB /* Images.xcassets in Resources */ = {isa = PBXBuildFile; fileRef = 94AA374E1C0FC8DD00D6FAEB /* Images.xcassets */; };
		94AA37521C0FC8DD00D6FAEB /* LaunchScreen.xib in Resources */ = {isa = PBXBuildFile; fileRef = 94AA37501C0FC8DD00D6FAEB /* LaunchScreen.xib */; };
		94AA375E1C0FC8DD00D6FAEB /* FinalProjectTests.swift in Sources */ = {isa = PBXBuildFile; fileRef = 94AA375D1C0FC8DD00D6FAEB /* FinalProjectTests.swift */; };
		94AA37681C0FD38A00D6FAEB /* Message.swift in Sources */ = {isa = PBXBuildFile; fileRef = 94AA37671C0FD38A00D6FAEB /* Message.swift */; };
		94AA376A1C0FD39300D6FAEB /* Group.swift in Sources */ = {isa = PBXBuildFile; fileRef = 94AA37691C0FD39300D6FAEB /* Group.swift */; };
		94AA376C1C12B45A00D6FAEB /* Contact.swift in Sources */ = {isa = PBXBuildFile; fileRef = 94AA376B1C12B45A00D6FAEB /* Contact.swift */; };
		94CEF9E91C160467003BB6CC /* MessageComposer.swift in Sources */ = {isa = PBXBuildFile; fileRef = 94CEF9E81C160467003BB6CC /* MessageComposer.swift */; };
		94CEF9EB1C16099B003BB6CC /* MessengerViewController.swift in Sources */ = {isa = PBXBuildFile; fileRef = 94CEF9EA1C16099B003BB6CC /* MessengerViewController.swift */; };
		9F65455263744E298BA01367 /* Pods_FinalProject.framework in Frameworks */ = {isa = PBXBuildFile; fileRef = 4782D50656383B9C985ECD80 /* Pods_FinalProject.framework */; };
/* End PBXBuildFile section */

/* Begin PBXContainerItemProxy section */
		94AA37581C0FC8DD00D6FAEB /* PBXContainerItemProxy */ = {
			isa = PBXContainerItemProxy;
			containerPortal = 94AA37381C0FC8DD00D6FAEB /* Project object */;
			proxyType = 1;
			remoteGlobalIDString = 94AA373F1C0FC8DD00D6FAEB;
			remoteInfo = FinalProject;
		};
/* End PBXContainerItemProxy section */

/* Begin PBXFileReference section */
		4782D50656383B9C985ECD80 /* Pods_FinalProject.framework */ = {isa = PBXFileReference; explicitFileType = wrapper.framework; includeInIndex = 0; path = Pods_FinalProject.framework; sourceTree = BUILT_PRODUCTS_DIR; };
		807272E43E5EDD240C8B2E8B /* Pods-FinalProject.debug.xcconfig */ = {isa = PBXFileReference; includeInIndex = 1; lastKnownFileType = text.xcconfig; name = "Pods-FinalProject.debug.xcconfig"; path = "Pods/Target Support Files/Pods-FinalProject/Pods-FinalProject.debug.xcconfig"; sourceTree = "<group>"; };
		9405DBDD1C1381BC0068713F /* FinalProject-Bridging-Header.h */ = {isa = PBXFileReference; lastKnownFileType = sourcecode.c.h; path = "FinalProject-Bridging-Header.h"; sourceTree = "<group>"; };
		9405DBDE1C150B500068713F /* GroupCellView.swift */ = {isa = PBXFileReference; fileEncoding = 4; lastKnownFileType = sourcecode.swift; path = GroupCellView.swift; sourceTree = "<group>"; };
		9405DBE01C1517420068713F /* PersonCellView.swift */ = {isa = PBXFileReference; fileEncoding = 4; lastKnownFileType = sourcecode.swift; path = PersonCellView.swift; sourceTree = "<group>"; };
		9405DBE21C1517FA0068713F /* PeopleViewController.swift */ = {isa = PBXFileReference; fileEncoding = 4; lastKnownFileType = sourcecode.swift; path = PeopleViewController.swift; sourceTree = "<group>"; };
		940EFC8C1C17F93F00B5A729 /* TempGroupViewController.swift */ = {isa = PBXFileReference; fileEncoding = 4; lastKnownFileType = sourcecode.swift; path = TempGroupViewController.swift; sourceTree = "<group>"; };
		94185FBE1C17FD340070DCD2 /* CustomGroupCellView.swift */ = {isa = PBXFileReference; fileEncoding = 4; lastKnownFileType = sourcecode.swift; path = CustomGroupCellView.swift; sourceTree = "<group>"; };
		94202C8F1C1908E8008F76DA /* DataModel.swift */ = {isa = PBXFileReference; fileEncoding = 4; lastKnownFileType = sourcecode.swift; path = DataModel.swift; sourceTree = "<group>"; };
		94AA37401C0FC8DD00D6FAEB /* FinalProject.app */ = {isa = PBXFileReference; explicitFileType = wrapper.application; includeInIndex = 0; path = FinalProject.app; sourceTree = BUILT_PRODUCTS_DIR; };
		94AA37441C0FC8DD00D6FAEB /* Info.plist */ = {isa = PBXFileReference; lastKnownFileType = text.plist.xml; path = Info.plist; sourceTree = "<group>"; };
		94AA37451C0FC8DD00D6FAEB /* AppDelegate.swift */ = {isa = PBXFileReference; lastKnownFileType = sourcecode.swift; path = AppDelegate.swift; sourceTree = "<group>"; };
		94AA37471C0FC8DD00D6FAEB /* MessagesViewController.swift */ = {isa = PBXFileReference; lastKnownFileType = sourcecode.swift; path = MessagesViewController.swift; sourceTree = "<group>"; };
		94AA37491C0FC8DD00D6FAEB /* GroupsViewController.swift */ = {isa = PBXFileReference; lastKnownFileType = sourcecode.swift; path = GroupsViewController.swift; sourceTree = "<group>"; };
		94AA374C1C0FC8DD00D6FAEB /* Base */ = {isa = PBXFileReference; lastKnownFileType = file.storyboard; name = Base; path = Base.lproj/Main.storyboard; sourceTree = "<group>"; };
		94AA374E1C0FC8DD00D6FAEB /* Images.xcassets */ = {isa = PBXFileReference; lastKnownFileType = folder.assetcatalog; path = Images.xcassets; sourceTree = "<group>"; };
		94AA37511C0FC8DD00D6FAEB /* Base */ = {isa = PBXFileReference; lastKnownFileType = file.xib; name = Base; path = Base.lproj/LaunchScreen.xib; sourceTree = "<group>"; };
		94AA37571C0FC8DD00D6FAEB /* FinalProjectTests.xctest */ = {isa = PBXFileReference; explicitFileType = wrapper.cfbundle; includeInIndex = 0; path = FinalProjectTests.xctest; sourceTree = BUILT_PRODUCTS_DIR; };
		94AA375C1C0FC8DD00D6FAEB /* Info.plist */ = {isa = PBXFileReference; lastKnownFileType = text.plist.xml; path = Info.plist; sourceTree = "<group>"; };
		94AA375D1C0FC8DD00D6FAEB /* FinalProjectTests.swift */ = {isa = PBXFileReference; lastKnownFileType = sourcecode.swift; path = FinalProjectTests.swift; sourceTree = "<group>"; };
		94AA37671C0FD38A00D6FAEB /* Message.swift */ = {isa = PBXFileReference; fileEncoding = 4; lastKnownFileType = sourcecode.swift; path = Message.swift; sourceTree = "<group>"; };
		94AA37691C0FD39300D6FAEB /* Group.swift */ = {isa = PBXFileReference; fileEncoding = 4; lastKnownFileType = sourcecode.swift; path = Group.swift; sourceTree = "<group>"; };
		94AA376B1C12B45A00D6FAEB /* Contact.swift */ = {isa = PBXFileReference; fileEncoding = 4; lastKnownFileType = sourcecode.swift; path = Contact.swift; sourceTree = "<group>"; };
		94CEF9E81C160467003BB6CC /* MessageComposer.swift */ = {isa = PBXFileReference; fileEncoding = 4; lastKnownFileType = sourcecode.swift; path = MessageComposer.swift; sourceTree = "<group>"; };
		94CEF9EA1C16099B003BB6CC /* MessengerViewController.swift */ = {isa = PBXFileReference; fileEncoding = 4; lastKnownFileType = sourcecode.swift; path = MessengerViewController.swift; sourceTree = "<group>"; };
		FC053A9C7A70AB74471BCA3D /* Pods-FinalProject.release.xcconfig */ = {isa = PBXFileReference; includeInIndex = 1; lastKnownFileType = text.xcconfig; name = "Pods-FinalProject.release.xcconfig"; path = "Pods/Target Support Files/Pods-FinalProject/Pods-FinalProject.release.xcconfig"; sourceTree = "<group>"; };
/* End PBXFileReference section */

/* Begin PBXFrameworksBuildPhase section */
		94AA373D1C0FC8DD00D6FAEB /* Frameworks */ = {
			isa = PBXFrameworksBuildPhase;
			buildActionMask = 2147483647;
			files = (
				9F65455263744E298BA01367 /* Pods_FinalProject.framework in Frameworks */,
			);
			runOnlyForDeploymentPostprocessing = 0;
		};
		94AA37541C0FC8DD00D6FAEB /* Frameworks */ = {
			isa = PBXFrameworksBuildPhase;
			buildActionMask = 2147483647;
			files = (
			);
			runOnlyForDeploymentPostprocessing = 0;
		};
/* End PBXFrameworksBuildPhase section */

/* Begin PBXGroup section */
		0CC27E6E72492D76515A7139 /* Frameworks */ = {
			isa = PBXGroup;
			children = (
				4782D50656383B9C985ECD80 /* Pods_FinalProject.framework */,
			);
			name = Frameworks;
			sourceTree = "<group>";
		};
		94AA37371C0FC8DD00D6FAEB = {
			isa = PBXGroup;
			children = (
				94AA37421C0FC8DD00D6FAEB /* FinalProject */,
				94AA375A1C0FC8DD00D6FAEB /* FinalProjectTests */,
				94AA37411C0FC8DD00D6FAEB /* Products */,
				D3E3332F9B006E0D48A16513 /* Pods */,
				0CC27E6E72492D76515A7139 /* Frameworks */,
			);
			sourceTree = "<group>";
		};
		94AA37411C0FC8DD00D6FAEB /* Products */ = {
			isa = PBXGroup;
			children = (
				94AA37401C0FC8DD00D6FAEB /* FinalProject.app */,
				94AA37571C0FC8DD00D6FAEB /* FinalProjectTests.xctest */,
			);
			name = Products;
			sourceTree = "<group>";
		};
		94AA37421C0FC8DD00D6FAEB /* FinalProject */ = {
			isa = PBXGroup;
			children = (
				94AA37451C0FC8DD00D6FAEB /* AppDelegate.swift */,
				94AA37471C0FC8DD00D6FAEB /* MessagesViewController.swift */,
				94AA37491C0FC8DD00D6FAEB /* GroupsViewController.swift */,
				9405DBDE1C150B500068713F /* GroupCellView.swift */,
				9405DBDD1C1381BC0068713F /* FinalProject-Bridging-Header.h */,
				94AA37671C0FD38A00D6FAEB /* Message.swift */,
				94202C8F1C1908E8008F76DA /* DataModel.swift */,
				94AA37691C0FD39300D6FAEB /* Group.swift */,
				94AA376B1C12B45A00D6FAEB /* Contact.swift */,
				94AA374B1C0FC8DD00D6FAEB /* Main.storyboard */,
				940EFC8C1C17F93F00B5A729 /* TempGroupViewController.swift */,
				94185FBE1C17FD340070DCD2 /* CustomGroupCellView.swift */,
				94CEF9E81C160467003BB6CC /* MessageComposer.swift */,
				94CEF9EA1C16099B003BB6CC /* MessengerViewController.swift */,
				9405DBE01C1517420068713F /* PersonCellView.swift */,
				9405DBE21C1517FA0068713F /* PeopleViewController.swift */,
				94AA374E1C0FC8DD00D6FAEB /* Images.xcassets */,
				94AA37501C0FC8DD00D6FAEB /* LaunchScreen.xib */,
				94AA37431C0FC8DD00D6FAEB /* Supporting Files */,
			);
			path = FinalProject;
			sourceTree = "<group>";
		};
		94AA37431C0FC8DD00D6FAEB /* Supporting Files */ = {
			isa = PBXGroup;
			children = (
				94AA37441C0FC8DD00D6FAEB /* Info.plist */,
			);
			name = "Supporting Files";
			sourceTree = "<group>";
		};
		94AA375A1C0FC8DD00D6FAEB /* FinalProjectTests */ = {
			isa = PBXGroup;
			children = (
				94AA375D1C0FC8DD00D6FAEB /* FinalProjectTests.swift */,
				94AA375B1C0FC8DD00D6FAEB /* Supporting Files */,
			);
			path = FinalProjectTests;
			sourceTree = "<group>";
		};
		94AA375B1C0FC8DD00D6FAEB /* Supporting Files */ = {
			isa = PBXGroup;
			children = (
				94AA375C1C0FC8DD00D6FAEB /* Info.plist */,
			);
			name = "Supporting Files";
			sourceTree = "<group>";
		};
		D3E3332F9B006E0D48A16513 /* Pods */ = {
			isa = PBXGroup;
			children = (
				807272E43E5EDD240C8B2E8B /* Pods-FinalProject.debug.xcconfig */,
				FC053A9C7A70AB74471BCA3D /* Pods-FinalProject.release.xcconfig */,
			);
			name = Pods;
			sourceTree = "<group>";
		};
/* End PBXGroup section */

/* Begin PBXNativeTarget section */
		94AA373F1C0FC8DD00D6FAEB /* FinalProject */ = {
			isa = PBXNativeTarget;
			buildConfigurationList = 94AA37611C0FC8DD00D6FAEB /* Build configuration list for PBXNativeTarget "FinalProject" */;
			buildPhases = (
				3A7530CC3CAEF08509D43C59 /* Check Pods Manifest.lock */,
				94AA373C1C0FC8DD00D6FAEB /* Sources */,
				94AA373D1C0FC8DD00D6FAEB /* Frameworks */,
				94AA373E1C0FC8DD00D6FAEB /* Resources */,
				17F292722A7A6B9F3AF574CB /* Embed Pods Frameworks */,
				A3680D9307636C6E32E69C4D /* Copy Pods Resources */,
			);
			buildRules = (
			);
			dependencies = (
			);
			name = FinalProject;
			productName = FinalProject;
			productReference = 94AA37401C0FC8DD00D6FAEB /* FinalProject.app */;
			productType = "com.apple.product-type.application";
		};
		94AA37561C0FC8DD00D6FAEB /* FinalProjectTests */ = {
			isa = PBXNativeTarget;
			buildConfigurationList = 94AA37641C0FC8DD00D6FAEB /* Build configuration list for PBXNativeTarget "FinalProjectTests" */;
			buildPhases = (
				94AA37531C0FC8DD00D6FAEB /* Sources */,
				94AA37541C0FC8DD00D6FAEB /* Frameworks */,
				94AA37551C0FC8DD00D6FAEB /* Resources */,
			);
			buildRules = (
			);
			dependencies = (
				94AA37591C0FC8DD00D6FAEB /* PBXTargetDependency */,
			);
			name = FinalProjectTests;
			productName = FinalProjectTests;
			productReference = 94AA37571C0FC8DD00D6FAEB /* FinalProjectTests.xctest */;
			productType = "com.apple.product-type.bundle.unit-test";
		};
/* End PBXNativeTarget section */

/* Begin PBXProject section */
		94AA37381C0FC8DD00D6FAEB /* Project object */ = {
			isa = PBXProject;
			attributes = {
				LastSwiftMigration = 0710;
				LastSwiftUpdateCheck = 0710;
				LastUpgradeCheck = 0710;
				ORGANIZATIONNAME = "Skylar Weaver";
				TargetAttributes = {
					94AA373F1C0FC8DD00D6FAEB = {
						CreatedOnToolsVersion = 6.3.1;
						DevelopmentTeam = H2MRK8LKJM;
					};
					94AA37561C0FC8DD00D6FAEB = {
						CreatedOnToolsVersion = 6.3.1;
						TestTargetID = 94AA373F1C0FC8DD00D6FAEB;
					};
				};
			};
			buildConfigurationList = 94AA373B1C0FC8DD00D6FAEB /* Build configuration list for PBXProject "FinalProject" */;
			compatibilityVersion = "Xcode 3.2";
			developmentRegion = English;
			hasScannedForEncodings = 0;
			knownRegions = (
				en,
				Base,
			);
			mainGroup = 94AA37371C0FC8DD00D6FAEB;
			productRefGroup = 94AA37411C0FC8DD00D6FAEB /* Products */;
			projectDirPath = "";
			projectRoot = "";
			targets = (
				94AA373F1C0FC8DD00D6FAEB /* FinalProject */,
				94AA37561C0FC8DD00D6FAEB /* FinalProjectTests */,
			);
		};
/* End PBXProject section */

/* Begin PBXResourcesBuildPhase section */
		94AA373E1C0FC8DD00D6FAEB /* Resources */ = {
			isa = PBXResourcesBuildPhase;
			buildActionMask = 2147483647;
			files = (
				94AA374D1C0FC8DD00D6FAEB /* Main.storyboard in Resources */,
				94AA37521C0FC8DD00D6FAEB /* LaunchScreen.xib in Resources */,
				94AA374F1C0FC8DD00D6FAEB /* Images.xcassets in Resources */,
			);
			runOnlyForDeploymentPostprocessing = 0;
		};
		94AA37551C0FC8DD00D6FAEB /* Resources */ = {
			isa = PBXResourcesBuildPhase;
			buildActionMask = 2147483647;
			files = (
			);
			runOnlyForDeploymentPostprocessing = 0;
		};
/* End PBXResourcesBuildPhase section */

/* Begin PBXShellScriptBuildPhase section */
		17F292722A7A6B9F3AF574CB /* Embed Pods Frameworks */ = {
			isa = PBXShellScriptBuildPhase;
			buildActionMask = 2147483647;
			files = (
			);
			inputPaths = (
			);
			name = "Embed Pods Frameworks";
			outputPaths = (
			);
			runOnlyForDeploymentPostprocessing = 0;
			shellPath = /bin/sh;
			shellScript = "\"${SRCROOT}/Pods/Target Support Files/Pods-FinalProject/Pods-FinalProject-frameworks.sh\"\n";
			showEnvVarsInLog = 0;
		};
		3A7530CC3CAEF08509D43C59 /* Check Pods Manifest.lock */ = {
			isa = PBXShellScriptBuildPhase;
			buildActionMask = 2147483647;
			files = (
			);
			inputPaths = (
			);
			name = "Check Pods Manifest.lock";
			outputPaths = (
			);
			runOnlyForDeploymentPostprocessing = 0;
			shellPath = /bin/sh;
			shellScript = "diff \"${PODS_ROOT}/../Podfile.lock\" \"${PODS_ROOT}/Manifest.lock\" > /dev/null\nif [[ $? != 0 ]] ; then\n    cat << EOM\nerror: The sandbox is not in sync with the Podfile.lock. Run 'pod install' or update your CocoaPods installation.\nEOM\n    exit 1\nfi\n";
			showEnvVarsInLog = 0;
		};
		A3680D9307636C6E32E69C4D /* Copy Pods Resources */ = {
			isa = PBXShellScriptBuildPhase;
			buildActionMask = 2147483647;
			files = (
			);
			inputPaths = (
			);
			name = "Copy Pods Resources";
			outputPaths = (
			);
			runOnlyForDeploymentPostprocessing = 0;
			shellPath = /bin/sh;
			shellScript = "\"${SRCROOT}/Pods/Target Support Files/Pods-FinalProject/Pods-FinalProject-resources.sh\"\n";
			showEnvVarsInLog = 0;
		};
/* End PBXShellScriptBuildPhase section */

/* Begin PBXSourcesBuildPhase section */
		94AA373C1C0FC8DD00D6FAEB /* Sources */ = {
			isa = PBXSourcesBuildPhase;
			buildActionMask = 2147483647;
			files = (
				94CEF9EB1C16099B003BB6CC /* MessengerViewController.swift in Sources */,
				94AA374A1C0FC8DD00D6FAEB /* GroupsViewController.swift in Sources */,
				9405DBE11C1517420068713F /* PersonCellView.swift in Sources */,
				9405DBDF1C150B500068713F /* GroupCellView.swift in Sources */,
				94AA37681C0FD38A00D6FAEB /* Message.swift in Sources */,
				94AA37461C0FC8DD00D6FAEB /* AppDelegate.swift in Sources */,
				940EFC8D1C17F93F00B5A729 /* TempGroupViewController.swift in Sources */,
				94202C901C1908E8008F76DA /* DataModel.swift in Sources */,
				94185FBF1C17FD340070DCD2 /* CustomGroupCellView.swift in Sources */,
				9405DBE31C1517FA0068713F /* PeopleViewController.swift in Sources */,
				94AA376A1C0FD39300D6FAEB /* Group.swift in Sources */,
				94AA376C1C12B45A00D6FAEB /* Contact.swift in Sources */,
				94AA37481C0FC8DD00D6FAEB /* MessagesViewController.swift in Sources */,
				94CEF9E91C160467003BB6CC /* MessageComposer.swift in Sources */,
			);
			runOnlyForDeploymentPostprocessing = 0;
		};
		94AA37531C0FC8DD00D6FAEB /* Sources */ = {
			isa = PBXSourcesBuildPhase;
			buildActionMask = 2147483647;
			files = (
				94AA375E1C0FC8DD00D6FAEB /* FinalProjectTests.swift in Sources */,
			);
			runOnlyForDeploymentPostprocessing = 0;
		};
/* End PBXSourcesBuildPhase section */

/* Begin PBXTargetDependency section */
		94AA37591C0FC8DD00D6FAEB /* PBXTargetDependency */ = {
			isa = PBXTargetDependency;
			target = 94AA373F1C0FC8DD00D6FAEB /* FinalProject */;
			targetProxy = 94AA37581C0FC8DD00D6FAEB /* PBXContainerItemProxy */;
		};
/* End PBXTargetDependency section */

/* Begin PBXVariantGroup section */
		94AA374B1C0FC8DD00D6FAEB /* Main.storyboard */ = {
			isa = PBXVariantGroup;
			children = (
				94AA374C1C0FC8DD00D6FAEB /* Base */,
			);
			name = Main.storyboard;
			sourceTree = "<group>";
		};
		94AA37501C0FC8DD00D6FAEB /* LaunchScreen.xib */ = {
			isa = PBXVariantGroup;
			children = (
				94AA37511C0FC8DD00D6FAEB /* Base */,
			);
			name = LaunchScreen.xib;
			sourceTree = "<group>";
		};
/* End PBXVariantGroup section */

/* Begin XCBuildConfiguration section */
		94AA375F1C0FC8DD00D6FAEB /* Debug */ = {
			isa = XCBuildConfiguration;
			buildSettings = {
				ALWAYS_SEARCH_USER_PATHS = NO;
				CLANG_CXX_LANGUAGE_STANDARD = "gnu++0x";
				CLANG_CXX_LIBRARY = "libc++";
				CLANG_ENABLE_MODULES = YES;
				CLANG_ENABLE_OBJC_ARC = YES;
				CLANG_WARN_BOOL_CONVERSION = YES;
				CLANG_WARN_CONSTANT_CONVERSION = YES;
				CLANG_WARN_DIRECT_OBJC_ISA_USAGE = YES_ERROR;
				CLANG_WARN_EMPTY_BODY = YES;
				CLANG_WARN_ENUM_CONVERSION = YES;
				CLANG_WARN_INT_CONVERSION = YES;
				CLANG_WARN_OBJC_ROOT_CLASS = YES_ERROR;
				CLANG_WARN_UNREACHABLE_CODE = YES;
				CLANG_WARN__DUPLICATE_METHOD_MATCH = YES;
				"CODE_SIGN_IDENTITY[sdk=iphoneos*]" = "iPhone Developer";
				COPY_PHASE_STRIP = NO;
				DEBUG_INFORMATION_FORMAT = "dwarf-with-dsym";
				ENABLE_STRICT_OBJC_MSGSEND = YES;
				ENABLE_TESTABILITY = YES;
				GCC_C_LANGUAGE_STANDARD = gnu99;
				GCC_DYNAMIC_NO_PIC = NO;
				GCC_NO_COMMON_BLOCKS = YES;
				GCC_OPTIMIZATION_LEVEL = 0;
				GCC_PREPROCESSOR_DEFINITIONS = (
					"DEBUG=1",
					"$(inherited)",
				);
				GCC_SYMBOLS_PRIVATE_EXTERN = NO;
				GCC_WARN_64_TO_32_BIT_CONVERSION = YES;
				GCC_WARN_ABOUT_RETURN_TYPE = YES_ERROR;
				GCC_WARN_UNDECLARED_SELECTOR = YES;
				GCC_WARN_UNINITIALIZED_AUTOS = YES_AGGRESSIVE;
				GCC_WARN_UNUSED_FUNCTION = YES;
				GCC_WARN_UNUSED_VARIABLE = YES;
				IPHONEOS_DEPLOYMENT_TARGET = 8.3;
				MTL_ENABLE_DEBUG_INFO = YES;
				ONLY_ACTIVE_ARCH = YES;
				SDKROOT = iphoneos;
				SWIFT_OPTIMIZATION_LEVEL = "-Onone";
				TARGETED_DEVICE_FAMILY = "1,2";
			};
			name = Debug;
		};
		94AA37601C0FC8DD00D6FAEB /* Release */ = {
			isa = XCBuildConfiguration;
			buildSettings = {
				ALWAYS_SEARCH_USER_PATHS = NO;
				CLANG_CXX_LANGUAGE_STANDARD = "gnu++0x";
				CLANG_CXX_LIBRARY = "libc++";
				CLANG_ENABLE_MODULES = YES;
				CLANG_ENABLE_OBJC_ARC = YES;
				CLANG_WARN_BOOL_CONVERSION = YES;
				CLANG_WARN_CONSTANT_CONVERSION = YES;
				CLANG_WARN_DIRECT_OBJC_ISA_USAGE = YES_ERROR;
				CLANG_WARN_EMPTY_BODY = YES;
				CLANG_WARN_ENUM_CONVERSION = YES;
				CLANG_WARN_INT_CONVERSION = YES;
				CLANG_WARN_OBJC_ROOT_CLASS = YES_ERROR;
				CLANG_WARN_UNREACHABLE_CODE = YES;
				CLANG_WARN__DUPLICATE_METHOD_MATCH = YES;
				"CODE_SIGN_IDENTITY[sdk=iphoneos*]" = "iPhone Developer";
				COPY_PHASE_STRIP = NO;
				DEBUG_INFORMATION_FORMAT = "dwarf-with-dsym";
				ENABLE_NS_ASSERTIONS = NO;
				ENABLE_STRICT_OBJC_MSGSEND = YES;
				GCC_C_LANGUAGE_STANDARD = gnu99;
				GCC_NO_COMMON_BLOCKS = YES;
				GCC_WARN_64_TO_32_BIT_CONVERSION = YES;
				GCC_WARN_ABOUT_RETURN_TYPE = YES_ERROR;
				GCC_WARN_UNDECLARED_SELECTOR = YES;
				GCC_WARN_UNINITIALIZED_AUTOS = YES_AGGRESSIVE;
				GCC_WARN_UNUSED_FUNCTION = YES;
				GCC_WARN_UNUSED_VARIABLE = YES;
				IPHONEOS_DEPLOYMENT_TARGET = 8.3;
				MTL_ENABLE_DEBUG_INFO = NO;
				SDKROOT = iphoneos;
				TARGETED_DEVICE_FAMILY = "1,2";
				VALIDATE_PRODUCT = YES;
			};
			name = Release;
		};
		94AA37621C0FC8DD00D6FAEB /* Debug */ = {
			isa = XCBuildConfiguration;
			baseConfigurationReference = 807272E43E5EDD240C8B2E8B /* Pods-FinalProject.debug.xcconfig */;
			buildSettings = {
				ASSETCATALOG_COMPILER_APPICON_NAME = AppIcon;
				CODE_SIGN_IDENTITY = "iPhone Developer";
				"CODE_SIGN_IDENTITY[sdk=iphoneos*]" = "iPhone Developer";
				INFOPLIST_FILE = FinalProject/Info.plist;
				LD_RUNPATH_SEARCH_PATHS = "$(inherited) @executable_path/Frameworks";
				PRODUCT_BUNDLE_IDENTIFIER = "SEW.$(PRODUCT_NAME:rfc1034identifier)";
				PRODUCT_NAME = "$(TARGET_NAME)";
				PROVISIONING_PROFILE = "";
				SWIFT_OBJC_BRIDGING_HEADER = "FinalProject/FinalProject-Bridging-Header.h";
			};
			name = Debug;
		};
		94AA37631C0FC8DD00D6FAEB /* Release */ = {
			isa = XCBuildConfiguration;
			baseConfigurationReference = FC053A9C7A70AB74471BCA3D /* Pods-FinalProject.release.xcconfig */;
			buildSettings = {
				ASSETCATALOG_COMPILER_APPICON_NAME = AppIcon;
				CODE_SIGN_IDENTITY = "iPhone Developer";
				"CODE_SIGN_IDENTITY[sdk=iphoneos*]" = "iPhone Developer";
				INFOPLIST_FILE = FinalProject/Info.plist;
				LD_RUNPATH_SEARCH_PATHS = "$(inherited) @executable_path/Frameworks";
				PRODUCT_BUNDLE_IDENTIFIER = "SEW.$(PRODUCT_NAME:rfc1034identifier)";
				PRODUCT_NAME = "$(TARGET_NAME)";
				PROVISIONING_PROFILE = "";
				SWIFT_OBJC_BRIDGING_HEADER = "FinalProject/FinalProject-Bridging-Header.h";
			};
			name = Release;
		};
		94AA37651C0FC8DD00D6FAEB /* Debug */ = {
			isa = XCBuildConfiguration;
			buildSettings = {
				BUNDLE_LOADER = "$(TEST_HOST)";
				FRAMEWORK_SEARCH_PATHS = (
					"$(SDKROOT)/Developer/Library/Frameworks",
					"$(inherited)",
				);
				GCC_PREPROCESSOR_DEFINITIONS = (
					"DEBUG=1",
					"$(inherited)",
				);
				INFOPLIST_FILE = FinalProjectTests/Info.plist;
				LD_RUNPATH_SEARCH_PATHS = "$(inherited) @executable_path/Frameworks @loader_path/Frameworks";
				PRODUCT_BUNDLE_IDENTIFIER = "SEW.$(PRODUCT_NAME:rfc1034identifier)";
				PRODUCT_NAME = "$(TARGET_NAME)";
				TEST_HOST = "$(BUILT_PRODUCTS_DIR)/FinalProject.app/FinalProject";
			};
			name = Debug;
		};
		94AA37661C0FC8DD00D6FAEB /* Release */ = {
			isa = XCBuildConfiguration;
			buildSettings = {
				BUNDLE_LOADER = "$(TEST_HOST)";
				FRAMEWORK_SEARCH_PATHS = (
					"$(SDKROOT)/Developer/Library/Frameworks",
					"$(inherited)",
				);
				INFOPLIST_FILE = FinalProjectTests/Info.plist;
				LD_RUNPATH_SEARCH_PATHS = "$(inherited) @executable_path/Frameworks @loader_path/Frameworks";
				PRODUCT_BUNDLE_IDENTIFIER = "SEW.$(PRODUCT_NAME:rfc1034identifier)";
				PRODUCT_NAME = "$(TARGET_NAME)";
				TEST_HOST = "$(BUILT_PRODUCTS_DIR)/FinalProject.app/FinalProject";
			};
			name = Release;
		};
/* End XCBuildConfiguration section */

/* Begin XCConfigurationList section */
		94AA373B1C0FC8DD00D6FAEB /* Build configuration list for PBXProject "FinalProject" */ = {
			isa = XCConfigurationList;
			buildConfigurations = (
				94AA375F1C0FC8DD00D6FAEB /* Debug */,
				94AA37601C0FC8DD00D6FAEB /* Release */,
			);
			defaultConfigurationIsVisible = 0;
			defaultConfigurationName = Release;
		};
		94AA37611C0FC8DD00D6FAEB /* Build configuration list for PBXNativeTarget "FinalProject" */ = {
			isa = XCConfigurationList;
			buildConfigurations = (
				94AA37621C0FC8DD00D6FAEB /* Debug */,
				94AA37631C0FC8DD00D6FAEB /* Release */,
			);
			defaultConfigurationIsVisible = 0;
			defaultConfigurationName = Release;
		};
		94AA37641C0FC8DD00D6FAEB /* Build configuration list for PBXNativeTarget "FinalProjectTests" */ = {
			isa = XCConfigurationList;
			buildConfigurations = (
				94AA37651C0FC8DD00D6FAEB /* Debug */,
				94AA37661C0FC8DD00D6FAEB /* Release */,
			);
			defaultConfigurationIsVisible = 0;
			defaultConfigurationName = Release;
		};
/* End XCConfigurationList section */
	};
	rootObject = 94AA37381C0FC8DD00D6FAEB /* Project object */;
}
